
Microsoft Visual Studio Solution File, Format Version 11.00
# Visual Studio 2010
Project("{FAE04EC0-301F-11D3-BF4B-00C04F79EFBC}") = "CodeBucket", "CodeBucket\CodeBucket.csproj", "{88AEDD05-831D-474F-B598-CF08C0836C24}"
EndProject
Project("{2150E333-8FDC-42A3-9474-1A3956D46DE8}") = "API", "API", "{354B15FE-757D-4C6C-B7AF-0BFECC12AEEF}"
EndProject
Project("{FAE04EC0-301F-11D3-BF4B-00C04F79EFBC}") = "BitbucketSharp.MonoTouch", "bitbucketsharp\BitbucketSharp.MonoTouch\BitbucketSharp.MonoTouch.csproj", "{E0EC486D-3341-4B9C-BF4D-146A0BCB8A5A}"
EndProject
Project("{FAE04EC0-301F-11D3-BF4B-00C04F79EFBC}") = "GitHubSharp", "githubsharp\GitHubSharp\GitHubSharp.csproj", "{89E14828-85BB-4790-9B4E-E44DD4CE000E}"
EndProject
Project("{2150E333-8FDC-42A3-9474-1A3956D46DE8}") = "Utilities", "Utilities", "{5960BAF2-EDEC-4AEF-8532-8EC5F97C6179}"
EndProject
Project("{FAE04EC0-301F-11D3-BF4B-00C04F79EFBC}") = "RestSharp.MonoTouch", "RestSharp\RestSharp.MonoTouch\RestSharp.MonoTouch.csproj", "{E9A9D1C5-4E06-4D31-9809-A97188C70B2C}"
EndProject
Project("{FAE04EC0-301F-11D3-BF4B-00C04F79EFBC}") = "CodeFramework", "CodeFramework\CodeFramework\CodeFramework.csproj", "{FECA9DCA-3B0B-4C0E-B7B4-E826C1BFDDB2}"
EndProject
Project("{FAE04EC0-301F-11D3-BF4B-00C04F79EFBC}") = "MonoTouch.Dialog", "CodeFramework\MonoTouch.Dialog\MonoTouch.Dialog\MonoTouch.Dialog.csproj", "{3FFBFFF8-5560-4EDE-82E5-3FFDFBBA8A50}"
EndProject
Project("{FAE04EC0-301F-11D3-BF4B-00C04F79EFBC}") = "MonoTouch.SlideoutNavigation", "CodeFramework\MonoTouch.SlideoutNavigation\MonoTouch.SlideoutNavigation\MonoTouch.SlideoutNavigation.csproj", "{6D7B9B53-CFEF-46BE-A608-14A4A1381CF6}"
EndProject
Project("{FAE04EC0-301F-11D3-BF4B-00C04F79EFBC}") = "OHAttributedLabel", "CodeFramework\OHAttributedLabel\OHAttributedLabel.csproj", "{1FD1BA85-25F8-460D-B588-0E753CFF578D}"
EndProject
Project("{FAE04EC0-301F-11D3-BF4B-00C04F79EFBC}") = "UserVoice", "CodeFramework\monotouch-uservoice\UserVoice\UserVoice\UserVoice.csproj", "{3A0C5D98-D568-43C1-A877-B1BA00BA4A87}"
EndProject
Global
	GlobalSection(SolutionConfigurationPlatforms) = preSolution
		AdHoc|Any CPU = AdHoc|Any CPU
		Ad-Hoc|Any CPU = Ad-Hoc|Any CPU
		AdHoc|iPhone = AdHoc|iPhone
		Ad-Hoc|iPhone = Ad-Hoc|iPhone
		AdHoc|iPhoneSimulator = AdHoc|iPhoneSimulator
		Ad-Hoc|iPhoneSimulator = Ad-Hoc|iPhoneSimulator
		AdHoc|Mixed Platforms = AdHoc|Mixed Platforms
		Ad-Hoc|Mixed Platforms = Ad-Hoc|Mixed Platforms
		AppStore|Any CPU = AppStore|Any CPU
		AppStore|iPhone = AppStore|iPhone
		AppStore|iPhoneSimulator = AppStore|iPhoneSimulator
		AppStore|Mixed Platforms = AppStore|Mixed Platforms
		Debug|Any CPU = Debug|Any CPU
		Debug|iPhone = Debug|iPhone
		Debug|iPhoneSimulator = Debug|iPhoneSimulator
		Debug|Mixed Platforms = Debug|Mixed Platforms
		Release|Any CPU = Release|Any CPU
		Release|iPhone = Release|iPhone
		Release|iPhoneSimulator = Release|iPhoneSimulator
		Release|Mixed Platforms = Release|Mixed Platforms
	EndGlobalSection
	GlobalSection(ProjectConfigurationPlatforms) = postSolution
		{1FD1BA85-25F8-460D-B588-0E753CFF578D}.AdHoc|Any CPU.ActiveCfg = Release|Any CPU
		{1FD1BA85-25F8-460D-B588-0E753CFF578D}.Ad-Hoc|Any CPU.ActiveCfg = Release|Any CPU
		{1FD1BA85-25F8-460D-B588-0E753CFF578D}.AdHoc|Any CPU.Build.0 = Release|Any CPU
		{1FD1BA85-25F8-460D-B588-0E753CFF578D}.Ad-Hoc|Any CPU.Build.0 = Release|Any CPU
		{1FD1BA85-25F8-460D-B588-0E753CFF578D}.AdHoc|iPhone.ActiveCfg = Debug|Any CPU
		{1FD1BA85-25F8-460D-B588-0E753CFF578D}.Ad-Hoc|iPhone.ActiveCfg = Release|Any CPU
		{1FD1BA85-25F8-460D-B588-0E753CFF578D}.AdHoc|iPhone.Build.0 = Debug|Any CPU
		{1FD1BA85-25F8-460D-B588-0E753CFF578D}.Ad-Hoc|iPhone.Build.0 = Release|Any CPU
		{1FD1BA85-25F8-460D-B588-0E753CFF578D}.AdHoc|iPhoneSimulator.ActiveCfg = Debug|Any CPU
		{1FD1BA85-25F8-460D-B588-0E753CFF578D}.Ad-Hoc|iPhoneSimulator.ActiveCfg = Release|Any CPU
		{1FD1BA85-25F8-460D-B588-0E753CFF578D}.AdHoc|iPhoneSimulator.Build.0 = Debug|Any CPU
		{1FD1BA85-25F8-460D-B588-0E753CFF578D}.Ad-Hoc|iPhoneSimulator.Build.0 = Release|Any CPU
		{1FD1BA85-25F8-460D-B588-0E753CFF578D}.AdHoc|Mixed Platforms.ActiveCfg = Release|Any CPU
		{1FD1BA85-25F8-460D-B588-0E753CFF578D}.Ad-Hoc|Mixed Platforms.ActiveCfg = Release|Any CPU
		{1FD1BA85-25F8-460D-B588-0E753CFF578D}.AdHoc|Mixed Platforms.Build.0 = Release|Any CPU
		{1FD1BA85-25F8-460D-B588-0E753CFF578D}.Ad-Hoc|Mixed Platforms.Build.0 = Release|Any CPU
		{1FD1BA85-25F8-460D-B588-0E753CFF578D}.AppStore|Any CPU.ActiveCfg = Release|Any CPU
		{1FD1BA85-25F8-460D-B588-0E753CFF578D}.AppStore|Any CPU.Build.0 = Release|Any CPU
		{1FD1BA85-25F8-460D-B588-0E753CFF578D}.AppStore|iPhone.ActiveCfg = Release|Any CPU
		{1FD1BA85-25F8-460D-B588-0E753CFF578D}.AppStore|iPhone.Build.0 = Release|Any CPU
		{1FD1BA85-25F8-460D-B588-0E753CFF578D}.AppStore|iPhoneSimulator.ActiveCfg = Debug|Any CPU
		{1FD1BA85-25F8-460D-B588-0E753CFF578D}.AppStore|iPhoneSimulator.Build.0 = Debug|Any CPU
		{1FD1BA85-25F8-460D-B588-0E753CFF578D}.AppStore|Mixed Platforms.ActiveCfg = Release|Any CPU
		{1FD1BA85-25F8-460D-B588-0E753CFF578D}.AppStore|Mixed Platforms.Build.0 = Release|Any CPU
		{1FD1BA85-25F8-460D-B588-0E753CFF578D}.Debug|Any CPU.ActiveCfg = Debug|Any CPU
		{1FD1BA85-25F8-460D-B588-0E753CFF578D}.Debug|Any CPU.Build.0 = Debug|Any CPU
		{1FD1BA85-25F8-460D-B588-0E753CFF578D}.Debug|iPhone.ActiveCfg = Debug|Any CPU
		{1FD1BA85-25F8-460D-B588-0E753CFF578D}.Debug|iPhone.Build.0 = Debug|Any CPU
		{1FD1BA85-25F8-460D-B588-0E753CFF578D}.Debug|iPhoneSimulator.ActiveCfg = Debug|Any CPU
		{1FD1BA85-25F8-460D-B588-0E753CFF578D}.Debug|iPhoneSimulator.Build.0 = Debug|Any CPU
		{1FD1BA85-25F8-460D-B588-0E753CFF578D}.Debug|Mixed Platforms.ActiveCfg = Debug|Any CPU
		{1FD1BA85-25F8-460D-B588-0E753CFF578D}.Debug|Mixed Platforms.Build.0 = Debug|Any CPU
		{1FD1BA85-25F8-460D-B588-0E753CFF578D}.Release|Any CPU.ActiveCfg = Release|Any CPU
		{1FD1BA85-25F8-460D-B588-0E753CFF578D}.Release|Any CPU.Build.0 = Release|Any CPU
		{1FD1BA85-25F8-460D-B588-0E753CFF578D}.Release|iPhone.ActiveCfg = Release|Any CPU
		{1FD1BA85-25F8-460D-B588-0E753CFF578D}.Release|iPhone.Build.0 = Release|Any CPU
		{1FD1BA85-25F8-460D-B588-0E753CFF578D}.Release|iPhoneSimulator.ActiveCfg = Release|Any CPU
		{1FD1BA85-25F8-460D-B588-0E753CFF578D}.Release|iPhoneSimulator.Build.0 = Release|Any CPU
		{1FD1BA85-25F8-460D-B588-0E753CFF578D}.Release|Mixed Platforms.ActiveCfg = Release|Any CPU
		{1FD1BA85-25F8-460D-B588-0E753CFF578D}.Release|Mixed Platforms.Build.0 = Release|Any CPU
		{3A0C5D98-D568-43C1-A877-B1BA00BA4A87}.AdHoc|Any CPU.ActiveCfg = Release|Any CPU
		{3A0C5D98-D568-43C1-A877-B1BA00BA4A87}.Ad-Hoc|Any CPU.ActiveCfg = Release|Any CPU
		{3A0C5D98-D568-43C1-A877-B1BA00BA4A87}.AdHoc|Any CPU.Build.0 = Release|Any CPU
		{3A0C5D98-D568-43C1-A877-B1BA00BA4A87}.Ad-Hoc|Any CPU.Build.0 = Release|Any CPU
		{3A0C5D98-D568-43C1-A877-B1BA00BA4A87}.AdHoc|iPhone.ActiveCfg = Debug|Any CPU
		{3A0C5D98-D568-43C1-A877-B1BA00BA4A87}.Ad-Hoc|iPhone.ActiveCfg = Release|Any CPU
		{3A0C5D98-D568-43C1-A877-B1BA00BA4A87}.AdHoc|iPhone.Build.0 = Debug|Any CPU
		{3A0C5D98-D568-43C1-A877-B1BA00BA4A87}.Ad-Hoc|iPhone.Build.0 = Release|Any CPU
		{3A0C5D98-D568-43C1-A877-B1BA00BA4A87}.AdHoc|iPhoneSimulator.ActiveCfg = Debug|Any CPU
		{3A0C5D98-D568-43C1-A877-B1BA00BA4A87}.Ad-Hoc|iPhoneSimulator.ActiveCfg = Release|Any CPU
		{3A0C5D98-D568-43C1-A877-B1BA00BA4A87}.AdHoc|iPhoneSimulator.Build.0 = Debug|Any CPU
		{3A0C5D98-D568-43C1-A877-B1BA00BA4A87}.Ad-Hoc|iPhoneSimulator.Build.0 = Release|Any CPU
		{3A0C5D98-D568-43C1-A877-B1BA00BA4A87}.AdHoc|Mixed Platforms.ActiveCfg = Release|Any CPU
		{3A0C5D98-D568-43C1-A877-B1BA00BA4A87}.Ad-Hoc|Mixed Platforms.ActiveCfg = Release|Any CPU
		{3A0C5D98-D568-43C1-A877-B1BA00BA4A87}.AdHoc|Mixed Platforms.Build.0 = Release|Any CPU
		{3A0C5D98-D568-43C1-A877-B1BA00BA4A87}.Ad-Hoc|Mixed Platforms.Build.0 = Release|Any CPU
		{3A0C5D98-D568-43C1-A877-B1BA00BA4A87}.AppStore|Any CPU.ActiveCfg = Release|Any CPU
		{3A0C5D98-D568-43C1-A877-B1BA00BA4A87}.AppStore|Any CPU.Build.0 = Release|Any CPU
		{3A0C5D98-D568-43C1-A877-B1BA00BA4A87}.AppStore|iPhone.ActiveCfg = Release|Any CPU
		{3A0C5D98-D568-43C1-A877-B1BA00BA4A87}.AppStore|iPhone.Build.0 = Release|Any CPU
		{3A0C5D98-D568-43C1-A877-B1BA00BA4A87}.AppStore|iPhoneSimulator.ActiveCfg = Debug|Any CPU
		{3A0C5D98-D568-43C1-A877-B1BA00BA4A87}.AppStore|iPhoneSimulator.Build.0 = Debug|Any CPU
		{3A0C5D98-D568-43C1-A877-B1BA00BA4A87}.AppStore|Mixed Platforms.ActiveCfg = Release|Any CPU
		{3A0C5D98-D568-43C1-A877-B1BA00BA4A87}.AppStore|Mixed Platforms.Build.0 = Release|Any CPU
		{3A0C5D98-D568-43C1-A877-B1BA00BA4A87}.Debug|Any CPU.ActiveCfg = Debug|Any CPU
		{3A0C5D98-D568-43C1-A877-B1BA00BA4A87}.Debug|Any CPU.Build.0 = Debug|Any CPU
		{3A0C5D98-D568-43C1-A877-B1BA00BA4A87}.Debug|iPhone.ActiveCfg = Debug|Any CPU
		{3A0C5D98-D568-43C1-A877-B1BA00BA4A87}.Debug|iPhone.Build.0 = Debug|Any CPU
		{3A0C5D98-D568-43C1-A877-B1BA00BA4A87}.Debug|iPhoneSimulator.ActiveCfg = Debug|Any CPU
		{3A0C5D98-D568-43C1-A877-B1BA00BA4A87}.Debug|iPhoneSimulator.Build.0 = Debug|Any CPU
		{3A0C5D98-D568-43C1-A877-B1BA00BA4A87}.Debug|Mixed Platforms.ActiveCfg = Debug|Any CPU
		{3A0C5D98-D568-43C1-A877-B1BA00BA4A87}.Debug|Mixed Platforms.Build.0 = Debug|Any CPU
		{3A0C5D98-D568-43C1-A877-B1BA00BA4A87}.Release|Any CPU.ActiveCfg = Release|Any CPU
		{3A0C5D98-D568-43C1-A877-B1BA00BA4A87}.Release|Any CPU.Build.0 = Release|Any CPU
		{3A0C5D98-D568-43C1-A877-B1BA00BA4A87}.Release|iPhone.ActiveCfg = Release|Any CPU
		{3A0C5D98-D568-43C1-A877-B1BA00BA4A87}.Release|iPhone.Build.0 = Release|Any CPU
		{3A0C5D98-D568-43C1-A877-B1BA00BA4A87}.Release|iPhoneSimulator.ActiveCfg = Release|Any CPU
		{3A0C5D98-D568-43C1-A877-B1BA00BA4A87}.Release|iPhoneSimulator.Build.0 = Release|Any CPU
		{3A0C5D98-D568-43C1-A877-B1BA00BA4A87}.Release|Mixed Platforms.ActiveCfg = Release|Any CPU
		{3A0C5D98-D568-43C1-A877-B1BA00BA4A87}.Release|Mixed Platforms.Build.0 = Release|Any CPU
		{3FFBFFF8-5560-4EDE-82E5-3FFDFBBA8A50}.AdHoc|Any CPU.ActiveCfg = Release|iPhone
		{3FFBFFF8-5560-4EDE-82E5-3FFDFBBA8A50}.Ad-Hoc|Any CPU.ActiveCfg = Release|iPhone
		{3FFBFFF8-5560-4EDE-82E5-3FFDFBBA8A50}.AdHoc|Any CPU.Build.0 = Release|iPhone
		{3FFBFFF8-5560-4EDE-82E5-3FFDFBBA8A50}.Ad-Hoc|Any CPU.Build.0 = Release|iPhone
		{3FFBFFF8-5560-4EDE-82E5-3FFDFBBA8A50}.AdHoc|iPhone.ActiveCfg = AdHoc|iPhone
		{3FFBFFF8-5560-4EDE-82E5-3FFDFBBA8A50}.Ad-Hoc|iPhone.ActiveCfg = Release|iPhone
		{3FFBFFF8-5560-4EDE-82E5-3FFDFBBA8A50}.AdHoc|iPhone.Build.0 = AdHoc|iPhone
		{3FFBFFF8-5560-4EDE-82E5-3FFDFBBA8A50}.Ad-Hoc|iPhone.Build.0 = Release|iPhone
		{3FFBFFF8-5560-4EDE-82E5-3FFDFBBA8A50}.AdHoc|iPhoneSimulator.ActiveCfg = AdHoc|iPhoneSimulator
		{3FFBFFF8-5560-4EDE-82E5-3FFDFBBA8A50}.Ad-Hoc|iPhoneSimulator.ActiveCfg = Release|iPhone
		{3FFBFFF8-5560-4EDE-82E5-3FFDFBBA8A50}.AdHoc|iPhoneSimulator.Build.0 = AdHoc|iPhoneSimulator
		{3FFBFFF8-5560-4EDE-82E5-3FFDFBBA8A50}.Ad-Hoc|iPhoneSimulator.Build.0 = Release|iPhone
		{3FFBFFF8-5560-4EDE-82E5-3FFDFBBA8A50}.AdHoc|Mixed Platforms.ActiveCfg = Release|iPhone
		{3FFBFFF8-5560-4EDE-82E5-3FFDFBBA8A50}.Ad-Hoc|Mixed Platforms.ActiveCfg = Release|iPhone
		{3FFBFFF8-5560-4EDE-82E5-3FFDFBBA8A50}.AdHoc|Mixed Platforms.Build.0 = Release|iPhone
		{3FFBFFF8-5560-4EDE-82E5-3FFDFBBA8A50}.Ad-Hoc|Mixed Platforms.Build.0 = Release|iPhone
		{3FFBFFF8-5560-4EDE-82E5-3FFDFBBA8A50}.AppStore|Any CPU.ActiveCfg = AppStore|iPhone
		{3FFBFFF8-5560-4EDE-82E5-3FFDFBBA8A50}.AppStore|Any CPU.Build.0 = AppStore|iPhone
		{3FFBFFF8-5560-4EDE-82E5-3FFDFBBA8A50}.AppStore|iPhone.ActiveCfg = AppStore|iPhone
		{3FFBFFF8-5560-4EDE-82E5-3FFDFBBA8A50}.AppStore|iPhone.Build.0 = AppStore|iPhone
		{3FFBFFF8-5560-4EDE-82E5-3FFDFBBA8A50}.AppStore|iPhoneSimulator.ActiveCfg = AppStore|iPhoneSimulator
		{3FFBFFF8-5560-4EDE-82E5-3FFDFBBA8A50}.AppStore|iPhoneSimulator.Build.0 = AppStore|iPhoneSimulator
		{3FFBFFF8-5560-4EDE-82E5-3FFDFBBA8A50}.AppStore|Mixed Platforms.ActiveCfg = AppStore|iPhone
		{3FFBFFF8-5560-4EDE-82E5-3FFDFBBA8A50}.AppStore|Mixed Platforms.Build.0 = AppStore|iPhone
		{3FFBFFF8-5560-4EDE-82E5-3FFDFBBA8A50}.Debug|Any CPU.ActiveCfg = Debug|iPhone
		{3FFBFFF8-5560-4EDE-82E5-3FFDFBBA8A50}.Debug|Any CPU.Build.0 = Debug|iPhone
		{3FFBFFF8-5560-4EDE-82E5-3FFDFBBA8A50}.Debug|iPhone.ActiveCfg = Debug|iPhone
		{3FFBFFF8-5560-4EDE-82E5-3FFDFBBA8A50}.Debug|iPhone.Build.0 = Debug|iPhone
		{3FFBFFF8-5560-4EDE-82E5-3FFDFBBA8A50}.Debug|iPhoneSimulator.ActiveCfg = Debug|iPhoneSimulator
		{3FFBFFF8-5560-4EDE-82E5-3FFDFBBA8A50}.Debug|iPhoneSimulator.Build.0 = Debug|iPhoneSimulator
		{3FFBFFF8-5560-4EDE-82E5-3FFDFBBA8A50}.Debug|Mixed Platforms.ActiveCfg = Debug|iPhone
		{3FFBFFF8-5560-4EDE-82E5-3FFDFBBA8A50}.Debug|Mixed Platforms.Build.0 = Debug|iPhone
		{3FFBFFF8-5560-4EDE-82E5-3FFDFBBA8A50}.Release|Any CPU.ActiveCfg = Release|iPhone
		{3FFBFFF8-5560-4EDE-82E5-3FFDFBBA8A50}.Release|Any CPU.Build.0 = Release|iPhone
		{3FFBFFF8-5560-4EDE-82E5-3FFDFBBA8A50}.Release|iPhone.ActiveCfg = Release|iPhone
		{3FFBFFF8-5560-4EDE-82E5-3FFDFBBA8A50}.Release|iPhone.Build.0 = Release|iPhone
		{3FFBFFF8-5560-4EDE-82E5-3FFDFBBA8A50}.Release|iPhoneSimulator.ActiveCfg = Release|iPhoneSimulator
		{3FFBFFF8-5560-4EDE-82E5-3FFDFBBA8A50}.Release|iPhoneSimulator.Build.0 = Release|iPhoneSimulator
		{3FFBFFF8-5560-4EDE-82E5-3FFDFBBA8A50}.Release|Mixed Platforms.ActiveCfg = Release|iPhone
		{3FFBFFF8-5560-4EDE-82E5-3FFDFBBA8A50}.Release|Mixed Platforms.Build.0 = Release|iPhone
		{6D7B9B53-CFEF-46BE-A608-14A4A1381CF6}.AdHoc|Any CPU.ActiveCfg = Release|Any CPU
		{6D7B9B53-CFEF-46BE-A608-14A4A1381CF6}.Ad-Hoc|Any CPU.ActiveCfg = Release|Any CPU
		{6D7B9B53-CFEF-46BE-A608-14A4A1381CF6}.AdHoc|Any CPU.Build.0 = Release|Any CPU
		{6D7B9B53-CFEF-46BE-A608-14A4A1381CF6}.Ad-Hoc|Any CPU.Build.0 = Release|Any CPU
		{6D7B9B53-CFEF-46BE-A608-14A4A1381CF6}.AdHoc|iPhone.ActiveCfg = Debug|Any CPU
		{6D7B9B53-CFEF-46BE-A608-14A4A1381CF6}.Ad-Hoc|iPhone.ActiveCfg = Release|Any CPU
		{6D7B9B53-CFEF-46BE-A608-14A4A1381CF6}.AdHoc|iPhone.Build.0 = Debug|Any CPU
		{6D7B9B53-CFEF-46BE-A608-14A4A1381CF6}.Ad-Hoc|iPhone.Build.0 = Release|Any CPU
		{6D7B9B53-CFEF-46BE-A608-14A4A1381CF6}.AdHoc|iPhoneSimulator.ActiveCfg = Debug|Any CPU
		{6D7B9B53-CFEF-46BE-A608-14A4A1381CF6}.Ad-Hoc|iPhoneSimulator.ActiveCfg = Release|Any CPU
		{6D7B9B53-CFEF-46BE-A608-14A4A1381CF6}.AdHoc|iPhoneSimulator.Build.0 = Debug|Any CPU
		{6D7B9B53-CFEF-46BE-A608-14A4A1381CF6}.Ad-Hoc|iPhoneSimulator.Build.0 = Release|Any CPU
		{6D7B9B53-CFEF-46BE-A608-14A4A1381CF6}.AdHoc|Mixed Platforms.ActiveCfg = Release|Any CPU
		{6D7B9B53-CFEF-46BE-A608-14A4A1381CF6}.Ad-Hoc|Mixed Platforms.ActiveCfg = Release|Any CPU
		{6D7B9B53-CFEF-46BE-A608-14A4A1381CF6}.AdHoc|Mixed Platforms.Build.0 = Release|Any CPU
		{6D7B9B53-CFEF-46BE-A608-14A4A1381CF6}.Ad-Hoc|Mixed Platforms.Build.0 = Release|Any CPU
		{6D7B9B53-CFEF-46BE-A608-14A4A1381CF6}.AppStore|Any CPU.ActiveCfg = Release|Any CPU
		{6D7B9B53-CFEF-46BE-A608-14A4A1381CF6}.AppStore|Any CPU.Build.0 = Release|Any CPU
		{6D7B9B53-CFEF-46BE-A608-14A4A1381CF6}.AppStore|iPhone.ActiveCfg = Release|Any CPU
		{6D7B9B53-CFEF-46BE-A608-14A4A1381CF6}.AppStore|iPhone.Build.0 = Release|Any CPU
		{6D7B9B53-CFEF-46BE-A608-14A4A1381CF6}.AppStore|iPhoneSimulator.ActiveCfg = Debug|Any CPU
		{6D7B9B53-CFEF-46BE-A608-14A4A1381CF6}.AppStore|iPhoneSimulator.Build.0 = Debug|Any CPU
		{6D7B9B53-CFEF-46BE-A608-14A4A1381CF6}.AppStore|Mixed Platforms.ActiveCfg = Release|Any CPU
		{6D7B9B53-CFEF-46BE-A608-14A4A1381CF6}.AppStore|Mixed Platforms.Build.0 = Release|Any CPU
		{6D7B9B53-CFEF-46BE-A608-14A4A1381CF6}.Debug|Any CPU.ActiveCfg = Debug|Any CPU
		{6D7B9B53-CFEF-46BE-A608-14A4A1381CF6}.Debug|Any CPU.Build.0 = Debug|Any CPU
		{6D7B9B53-CFEF-46BE-A608-14A4A1381CF6}.Debug|iPhone.ActiveCfg = Debug|Any CPU
		{6D7B9B53-CFEF-46BE-A608-14A4A1381CF6}.Debug|iPhone.Build.0 = Debug|Any CPU
		{6D7B9B53-CFEF-46BE-A608-14A4A1381CF6}.Debug|iPhoneSimulator.ActiveCfg = Debug|Any CPU
		{6D7B9B53-CFEF-46BE-A608-14A4A1381CF6}.Debug|iPhoneSimulator.Build.0 = Debug|Any CPU
		{6D7B9B53-CFEF-46BE-A608-14A4A1381CF6}.Debug|Mixed Platforms.ActiveCfg = Debug|Any CPU
		{6D7B9B53-CFEF-46BE-A608-14A4A1381CF6}.Debug|Mixed Platforms.Build.0 = Debug|Any CPU
		{6D7B9B53-CFEF-46BE-A608-14A4A1381CF6}.Release|Any CPU.ActiveCfg = Release|Any CPU
		{6D7B9B53-CFEF-46BE-A608-14A4A1381CF6}.Release|Any CPU.Build.0 = Release|Any CPU
		{6D7B9B53-CFEF-46BE-A608-14A4A1381CF6}.Release|iPhone.ActiveCfg = Release|Any CPU
		{6D7B9B53-CFEF-46BE-A608-14A4A1381CF6}.Release|iPhone.Build.0 = Release|Any CPU
		{6D7B9B53-CFEF-46BE-A608-14A4A1381CF6}.Release|iPhoneSimulator.ActiveCfg = Release|Any CPU
		{6D7B9B53-CFEF-46BE-A608-14A4A1381CF6}.Release|iPhoneSimulator.Build.0 = Release|Any CPU
		{6D7B9B53-CFEF-46BE-A608-14A4A1381CF6}.Release|Mixed Platforms.ActiveCfg = Release|Any CPU
		{6D7B9B53-CFEF-46BE-A608-14A4A1381CF6}.Release|Mixed Platforms.Build.0 = Release|Any CPU
		{88AEDD05-831D-474F-B598-CF08C0836C24}.AdHoc|Any CPU.ActiveCfg = Ad-Hoc|iPhone
		{88AEDD05-831D-474F-B598-CF08C0836C24}.Ad-Hoc|Any CPU.ActiveCfg = Ad-Hoc|iPhone
		{88AEDD05-831D-474F-B598-CF08C0836C24}.Ad-Hoc|iPhone.ActiveCfg = Ad-Hoc|iPhone
		{88AEDD05-831D-474F-B598-CF08C0836C24}.AdHoc|iPhone.ActiveCfg = Debug|iPhone
		{88AEDD05-831D-474F-B598-CF08C0836C24}.Ad-Hoc|iPhone.Build.0 = Ad-Hoc|iPhone
		{88AEDD05-831D-474F-B598-CF08C0836C24}.AdHoc|iPhone.Build.0 = Debug|iPhone
		{88AEDD05-831D-474F-B598-CF08C0836C24}.Ad-Hoc|iPhoneSimulator.ActiveCfg = Ad-Hoc|iPhoneSimulator
		{88AEDD05-831D-474F-B598-CF08C0836C24}.AdHoc|iPhoneSimulator.ActiveCfg = Debug|iPhoneSimulator
		{88AEDD05-831D-474F-B598-CF08C0836C24}.AdHoc|iPhoneSimulator.Build.0 = Debug|iPhoneSimulator
		{88AEDD05-831D-474F-B598-CF08C0836C24}.AdHoc|Mixed Platforms.ActiveCfg = Ad-Hoc|iPhone
		{88AEDD05-831D-474F-B598-CF08C0836C24}.Ad-Hoc|Mixed Platforms.ActiveCfg = Ad-Hoc|iPhone
		{88AEDD05-831D-474F-B598-CF08C0836C24}.AdHoc|Mixed Platforms.Build.0 = Ad-Hoc|iPhone
		{88AEDD05-831D-474F-B598-CF08C0836C24}.Ad-Hoc|Mixed Platforms.Build.0 = Ad-Hoc|iPhone
		{88AEDD05-831D-474F-B598-CF08C0836C24}.AppStore|Any CPU.ActiveCfg = AppStore|iPhone
		{88AEDD05-831D-474F-B598-CF08C0836C24}.AppStore|iPhone.ActiveCfg = AppStore|iPhone
		{88AEDD05-831D-474F-B598-CF08C0836C24}.AppStore|iPhone.Build.0 = AppStore|iPhone
		{88AEDD05-831D-474F-B598-CF08C0836C24}.AppStore|iPhoneSimulator.ActiveCfg = Debug|iPhoneSimulator
		{88AEDD05-831D-474F-B598-CF08C0836C24}.AppStore|iPhoneSimulator.Build.0 = Debug|iPhoneSimulator
		{88AEDD05-831D-474F-B598-CF08C0836C24}.AppStore|Mixed Platforms.ActiveCfg = AppStore|iPhone
		{88AEDD05-831D-474F-B598-CF08C0836C24}.AppStore|Mixed Platforms.Build.0 = AppStore|iPhone
		{88AEDD05-831D-474F-B598-CF08C0836C24}.Debug|Any CPU.ActiveCfg = Debug|iPhone
		{88AEDD05-831D-474F-B598-CF08C0836C24}.Debug|iPhone.ActiveCfg = Debug|iPhone
		{88AEDD05-831D-474F-B598-CF08C0836C24}.Debug|iPhone.Build.0 = Debug|iPhone
		{88AEDD05-831D-474F-B598-CF08C0836C24}.Debug|iPhoneSimulator.ActiveCfg = Debug|iPhoneSimulator
		{88AEDD05-831D-474F-B598-CF08C0836C24}.Debug|iPhoneSimulator.Build.0 = Debug|iPhoneSimulator
		{88AEDD05-831D-474F-B598-CF08C0836C24}.Debug|Mixed Platforms.ActiveCfg = Debug|iPhone
		{88AEDD05-831D-474F-B598-CF08C0836C24}.Debug|Mixed Platforms.Build.0 = Debug|iPhone
		{88AEDD05-831D-474F-B598-CF08C0836C24}.Release|Any CPU.ActiveCfg = Release|iPhone
		{88AEDD05-831D-474F-B598-CF08C0836C24}.Release|iPhone.ActiveCfg = Release|iPhone
		{88AEDD05-831D-474F-B598-CF08C0836C24}.Release|iPhone.Build.0 = Release|iPhone
		{88AEDD05-831D-474F-B598-CF08C0836C24}.Release|iPhoneSimulator.ActiveCfg = Release|iPhoneSimulator
		{88AEDD05-831D-474F-B598-CF08C0836C24}.Release|iPhoneSimulator.Build.0 = Release|iPhoneSimulator
		{88AEDD05-831D-474F-B598-CF08C0836C24}.Release|Mixed Platforms.ActiveCfg = Release|iPhone
		{88AEDD05-831D-474F-B598-CF08C0836C24}.Release|Mixed Platforms.Build.0 = Release|iPhone
		{89E14828-85BB-4790-9B4E-E44DD4CE000E}.AdHoc|Any CPU.ActiveCfg = Release|Any CPU
		{89E14828-85BB-4790-9B4E-E44DD4CE000E}.Ad-Hoc|Any CPU.ActiveCfg = Release|Any CPU
		{89E14828-85BB-4790-9B4E-E44DD4CE000E}.AdHoc|Any CPU.Build.0 = Release|Any CPU
		{89E14828-85BB-4790-9B4E-E44DD4CE000E}.Ad-Hoc|Any CPU.Build.0 = Release|Any CPU
		{89E14828-85BB-4790-9B4E-E44DD4CE000E}.AdHoc|iPhone.ActiveCfg = Debug|Any CPU
		{89E14828-85BB-4790-9B4E-E44DD4CE000E}.Ad-Hoc|iPhone.ActiveCfg = Release|Any CPU
		{89E14828-85BB-4790-9B4E-E44DD4CE000E}.AdHoc|iPhone.Build.0 = Debug|Any CPU
		{89E14828-85BB-4790-9B4E-E44DD4CE000E}.Ad-Hoc|iPhone.Build.0 = Release|Any CPU
		{89E14828-85BB-4790-9B4E-E44DD4CE000E}.AdHoc|iPhoneSimulator.ActiveCfg = Debug|Any CPU
		{89E14828-85BB-4790-9B4E-E44DD4CE000E}.Ad-Hoc|iPhoneSimulator.ActiveCfg = Release|Any CPU
		{89E14828-85BB-4790-9B4E-E44DD4CE000E}.AdHoc|iPhoneSimulator.Build.0 = Debug|Any CPU
		{89E14828-85BB-4790-9B4E-E44DD4CE000E}.AdHoc|Mixed Platforms.ActiveCfg = Release|Any CPU
		{89E14828-85BB-4790-9B4E-E44DD4CE000E}.Ad-Hoc|Mixed Platforms.ActiveCfg = Release|Any CPU
		{89E14828-85BB-4790-9B4E-E44DD4CE000E}.AdHoc|Mixed Platforms.Build.0 = Release|Any CPU
		{89E14828-85BB-4790-9B4E-E44DD4CE000E}.Ad-Hoc|Mixed Platforms.Build.0 = Release|Any CPU
		{89E14828-85BB-4790-9B4E-E44DD4CE000E}.AppStore|Any CPU.ActiveCfg = Release|Any CPU
		{89E14828-85BB-4790-9B4E-E44DD4CE000E}.AppStore|Any CPU.Build.0 = Release|Any CPU
		{89E14828-85BB-4790-9B4E-E44DD4CE000E}.AppStore|iPhone.ActiveCfg = Release|Any CPU
		{89E14828-85BB-4790-9B4E-E44DD4CE000E}.AppStore|iPhone.Build.0 = Release|Any CPU
		{89E14828-85BB-4790-9B4E-E44DD4CE000E}.AppStore|iPhoneSimulator.ActiveCfg = Debug|Any CPU
		{89E14828-85BB-4790-9B4E-E44DD4CE000E}.AppStore|iPhoneSimulator.Build.0 = Debug|Any CPU
		{89E14828-85BB-4790-9B4E-E44DD4CE000E}.AppStore|Mixed Platforms.ActiveCfg = Release|Any CPU
		{89E14828-85BB-4790-9B4E-E44DD4CE000E}.AppStore|Mixed Platforms.Build.0 = Release|Any CPU
		{89E14828-85BB-4790-9B4E-E44DD4CE000E}.Debug|Any CPU.ActiveCfg = Debug|Any CPU
		{89E14828-85BB-4790-9B4E-E44DD4CE000E}.Debug|Any CPU.Build.0 = Debug|Any CPU
		{89E14828-85BB-4790-9B4E-E44DD4CE000E}.Debug|iPhone.ActiveCfg = Debug|Any CPU
		{89E14828-85BB-4790-9B4E-E44DD4CE000E}.Debug|iPhone.Build.0 = Debug|Any CPU
		{89E14828-85BB-4790-9B4E-E44DD4CE000E}.Debug|iPhoneSimulator.ActiveCfg = Debug|Any CPU
		{89E14828-85BB-4790-9B4E-E44DD4CE000E}.Debug|iPhoneSimulator.Build.0 = Debug|Any CPU
		{89E14828-85BB-4790-9B4E-E44DD4CE000E}.Debug|Mixed Platforms.ActiveCfg = Debug|Any CPU
		{89E14828-85BB-4790-9B4E-E44DD4CE000E}.Debug|Mixed Platforms.Build.0 = Debug|Any CPU
		{89E14828-85BB-4790-9B4E-E44DD4CE000E}.Release|Any CPU.ActiveCfg = Release|Any CPU
		{89E14828-85BB-4790-9B4E-E44DD4CE000E}.Release|Any CPU.Build.0 = Release|Any CPU
		{89E14828-85BB-4790-9B4E-E44DD4CE000E}.Release|iPhone.ActiveCfg = Release|Any CPU
		{89E14828-85BB-4790-9B4E-E44DD4CE000E}.Release|iPhone.Build.0 = Release|Any CPU
		{89E14828-85BB-4790-9B4E-E44DD4CE000E}.Release|iPhoneSimulator.ActiveCfg = Release|Any CPU
		{89E14828-85BB-4790-9B4E-E44DD4CE000E}.Release|iPhoneSimulator.Build.0 = Release|Any CPU
		{89E14828-85BB-4790-9B4E-E44DD4CE000E}.Release|Mixed Platforms.ActiveCfg = Release|Any CPU
		{89E14828-85BB-4790-9B4E-E44DD4CE000E}.Release|Mixed Platforms.Build.0 = Release|Any CPU
		{E0EC486D-3341-4B9C-BF4D-146A0BCB8A5A}.AdHoc|Any CPU.ActiveCfg = Release|Any CPU
		{E0EC486D-3341-4B9C-BF4D-146A0BCB8A5A}.Ad-Hoc|Any CPU.ActiveCfg = Release|Any CPU
		{E0EC486D-3341-4B9C-BF4D-146A0BCB8A5A}.AdHoc|Any CPU.Build.0 = Release|Any CPU
		{E0EC486D-3341-4B9C-BF4D-146A0BCB8A5A}.Ad-Hoc|Any CPU.Build.0 = Release|Any CPU
		{E0EC486D-3341-4B9C-BF4D-146A0BCB8A5A}.AdHoc|iPhone.ActiveCfg = Debug|Any CPU
		{E0EC486D-3341-4B9C-BF4D-146A0BCB8A5A}.Ad-Hoc|iPhone.ActiveCfg = Debug|Any CPU
		{E0EC486D-3341-4B9C-BF4D-146A0BCB8A5A}.AdHoc|iPhone.Build.0 = Debug|Any CPU
		{E0EC486D-3341-4B9C-BF4D-146A0BCB8A5A}.Ad-Hoc|iPhone.Build.0 = Debug|Any CPU
		{E0EC486D-3341-4B9C-BF4D-146A0BCB8A5A}.AdHoc|iPhoneSimulator.ActiveCfg = Debug|Any CPU
		{E0EC486D-3341-4B9C-BF4D-146A0BCB8A5A}.Ad-Hoc|iPhoneSimulator.ActiveCfg = Release|Any CPU
		{E0EC486D-3341-4B9C-BF4D-146A0BCB8A5A}.AdHoc|iPhoneSimulator.Build.0 = Debug|Any CPU
		{E0EC486D-3341-4B9C-BF4D-146A0BCB8A5A}.AdHoc|Mixed Platforms.ActiveCfg = Release|Any CPU
		{E0EC486D-3341-4B9C-BF4D-146A0BCB8A5A}.Ad-Hoc|Mixed Platforms.ActiveCfg = Release|Any CPU
		{E0EC486D-3341-4B9C-BF4D-146A0BCB8A5A}.AdHoc|Mixed Platforms.Build.0 = Release|Any CPU
		{E0EC486D-3341-4B9C-BF4D-146A0BCB8A5A}.Ad-Hoc|Mixed Platforms.Build.0 = Release|Any CPU
		{E0EC486D-3341-4B9C-BF4D-146A0BCB8A5A}.AppStore|Any CPU.ActiveCfg = Release|Any CPU
		{E0EC486D-3341-4B9C-BF4D-146A0BCB8A5A}.AppStore|Any CPU.Build.0 = Release|Any CPU
		{E0EC486D-3341-4B9C-BF4D-146A0BCB8A5A}.AppStore|iPhone.ActiveCfg = Debug|Any CPU
		{E0EC486D-3341-4B9C-BF4D-146A0BCB8A5A}.AppStore|iPhone.Build.0 = Debug|Any CPU
		{E0EC486D-3341-4B9C-BF4D-146A0BCB8A5A}.AppStore|iPhoneSimulator.ActiveCfg = Debug|Any CPU
		{E0EC486D-3341-4B9C-BF4D-146A0BCB8A5A}.AppStore|iPhoneSimulator.Build.0 = Debug|Any CPU
		{E0EC486D-3341-4B9C-BF4D-146A0BCB8A5A}.AppStore|Mixed Platforms.ActiveCfg = Release|Any CPU
		{E0EC486D-3341-4B9C-BF4D-146A0BCB8A5A}.AppStore|Mixed Platforms.Build.0 = Release|Any CPU
		{E0EC486D-3341-4B9C-BF4D-146A0BCB8A5A}.Debug|Any CPU.ActiveCfg = Debug|Any CPU
		{E0EC486D-3341-4B9C-BF4D-146A0BCB8A5A}.Debug|Any CPU.Build.0 = Debug|Any CPU
		{E0EC486D-3341-4B9C-BF4D-146A0BCB8A5A}.Debug|iPhone.ActiveCfg = Debug|Any CPU
		{E0EC486D-3341-4B9C-BF4D-146A0BCB8A5A}.Debug|iPhone.Build.0 = Debug|Any CPU
		{E0EC486D-3341-4B9C-BF4D-146A0BCB8A5A}.Debug|iPhoneSimulator.ActiveCfg = Debug|Any CPU
		{E0EC486D-3341-4B9C-BF4D-146A0BCB8A5A}.Debug|iPhoneSimulator.Build.0 = Debug|Any CPU
		{E0EC486D-3341-4B9C-BF4D-146A0BCB8A5A}.Debug|Mixed Platforms.ActiveCfg = Debug|Any CPU
		{E0EC486D-3341-4B9C-BF4D-146A0BCB8A5A}.Debug|Mixed Platforms.Build.0 = Debug|Any CPU
		{E0EC486D-3341-4B9C-BF4D-146A0BCB8A5A}.Release|Any CPU.ActiveCfg = Release|Any CPU
		{E0EC486D-3341-4B9C-BF4D-146A0BCB8A5A}.Release|Any CPU.Build.0 = Release|Any CPU
		{E0EC486D-3341-4B9C-BF4D-146A0BCB8A5A}.Release|iPhone.ActiveCfg = Release|Any CPU
		{E0EC486D-3341-4B9C-BF4D-146A0BCB8A5A}.Release|iPhone.Build.0 = Release|Any CPU
		{E0EC486D-3341-4B9C-BF4D-146A0BCB8A5A}.Release|iPhoneSimulator.ActiveCfg = Release|Any CPU
		{E0EC486D-3341-4B9C-BF4D-146A0BCB8A5A}.Release|iPhoneSimulator.Build.0 = Release|Any CPU
		{E0EC486D-3341-4B9C-BF4D-146A0BCB8A5A}.Release|Mixed Platforms.ActiveCfg = Release|Any CPU
		{E0EC486D-3341-4B9C-BF4D-146A0BCB8A5A}.Release|Mixed Platforms.Build.0 = Release|Any CPU
		{E9A9D1C5-4E06-4D31-9809-A97188C70B2C}.AdHoc|Any CPU.ActiveCfg = Release|iPhone
		{E9A9D1C5-4E06-4D31-9809-A97188C70B2C}.Ad-Hoc|Any CPU.ActiveCfg = Release|iPhone
		{E9A9D1C5-4E06-4D31-9809-A97188C70B2C}.AdHoc|iPhone.ActiveCfg = Debug|iPhone
		{E9A9D1C5-4E06-4D31-9809-A97188C70B2C}.Ad-Hoc|iPhone.ActiveCfg = Debug|iPhone
		{E9A9D1C5-4E06-4D31-9809-A97188C70B2C}.AdHoc|iPhone.Build.0 = Debug|iPhone
		{E9A9D1C5-4E06-4D31-9809-A97188C70B2C}.Ad-Hoc|iPhone.Build.0 = Debug|iPhone
		{E9A9D1C5-4E06-4D31-9809-A97188C70B2C}.AdHoc|iPhoneSimulator.ActiveCfg = Debug|iPhoneSimulator
		{E9A9D1C5-4E06-4D31-9809-A97188C70B2C}.Ad-Hoc|iPhoneSimulator.ActiveCfg = Release|iPhone
		{E9A9D1C5-4E06-4D31-9809-A97188C70B2C}.AdHoc|iPhoneSimulator.Build.0 = Debug|iPhoneSimulator
		{E9A9D1C5-4E06-4D31-9809-A97188C70B2C}.AdHoc|Mixed Platforms.ActiveCfg = Release|iPhone
		{E9A9D1C5-4E06-4D31-9809-A97188C70B2C}.Ad-Hoc|Mixed Platforms.ActiveCfg = Release|iPhone
		{E9A9D1C5-4E06-4D31-9809-A97188C70B2C}.AdHoc|Mixed Platforms.Build.0 = Release|iPhone
		{E9A9D1C5-4E06-4D31-9809-A97188C70B2C}.Ad-Hoc|Mixed Platforms.Build.0 = Release|iPhone
		{E9A9D1C5-4E06-4D31-9809-A97188C70B2C}.AppStore|Any CPU.ActiveCfg = Release|iPhone
		{E9A9D1C5-4E06-4D31-9809-A97188C70B2C}.AppStore|iPhone.ActiveCfg = Debug|iPhone
		{E9A9D1C5-4E06-4D31-9809-A97188C70B2C}.AppStore|iPhone.Build.0 = Debug|iPhone
		{E9A9D1C5-4E06-4D31-9809-A97188C70B2C}.AppStore|iPhoneSimulator.ActiveCfg = Debug|iPhoneSimulator
		{E9A9D1C5-4E06-4D31-9809-A97188C70B2C}.AppStore|iPhoneSimulator.Build.0 = Debug|iPhoneSimulator
		{E9A9D1C5-4E06-4D31-9809-A97188C70B2C}.AppStore|Mixed Platforms.ActiveCfg = Release|iPhone
		{E9A9D1C5-4E06-4D31-9809-A97188C70B2C}.AppStore|Mixed Platforms.Build.0 = Release|iPhone
		{E9A9D1C5-4E06-4D31-9809-A97188C70B2C}.Debug|Any CPU.ActiveCfg = Debug|iPhone
		{E9A9D1C5-4E06-4D31-9809-A97188C70B2C}.Debug|iPhone.ActiveCfg = Debug|iPhone
		{E9A9D1C5-4E06-4D31-9809-A97188C70B2C}.Debug|iPhone.Build.0 = Debug|iPhone
		{E9A9D1C5-4E06-4D31-9809-A97188C70B2C}.Debug|iPhoneSimulator.ActiveCfg = Debug|iPhoneSimulator
		{E9A9D1C5-4E06-4D31-9809-A97188C70B2C}.Debug|iPhoneSimulator.Build.0 = Debug|iPhoneSimulator
		{E9A9D1C5-4E06-4D31-9809-A97188C70B2C}.Debug|Mixed Platforms.ActiveCfg = Debug|iPhone
		{E9A9D1C5-4E06-4D31-9809-A97188C70B2C}.Debug|Mixed Platforms.Build.0 = Debug|iPhone
		{E9A9D1C5-4E06-4D31-9809-A97188C70B2C}.Release|Any CPU.ActiveCfg = Release|iPhone
		{E9A9D1C5-4E06-4D31-9809-A97188C70B2C}.Release|iPhone.ActiveCfg = Release|iPhone
		{E9A9D1C5-4E06-4D31-9809-A97188C70B2C}.Release|iPhone.Build.0 = Release|iPhone
		{E9A9D1C5-4E06-4D31-9809-A97188C70B2C}.Release|iPhoneSimulator.ActiveCfg = Release|iPhoneSimulator
		{E9A9D1C5-4E06-4D31-9809-A97188C70B2C}.Release|iPhoneSimulator.Build.0 = Release|iPhoneSimulator
		{E9A9D1C5-4E06-4D31-9809-A97188C70B2C}.Release|Mixed Platforms.ActiveCfg = Release|iPhone
		{E9A9D1C5-4E06-4D31-9809-A97188C70B2C}.Release|Mixed Platforms.Build.0 = Release|iPhone
		{FECA9DCA-3B0B-4C0E-B7B4-E826C1BFDDB2}.AdHoc|Any CPU.ActiveCfg = Release|Any CPU
		{FECA9DCA-3B0B-4C0E-B7B4-E826C1BFDDB2}.Ad-Hoc|Any CPU.ActiveCfg = Release|Any CPU
		{FECA9DCA-3B0B-4C0E-B7B4-E826C1BFDDB2}.AdHoc|Any CPU.Build.0 = Release|Any CPU
		{FECA9DCA-3B0B-4C0E-B7B4-E826C1BFDDB2}.Ad-Hoc|Any CPU.Build.0 = Release|Any CPU
		{FECA9DCA-3B0B-4C0E-B7B4-E826C1BFDDB2}.AdHoc|iPhone.ActiveCfg = Debug|Any CPU
		{FECA9DCA-3B0B-4C0E-B7B4-E826C1BFDDB2}.Ad-Hoc|iPhone.ActiveCfg = Release|Any CPU
		{FECA9DCA-3B0B-4C0E-B7B4-E826C1BFDDB2}.AdHoc|iPhone.Build.0 = Debug|Any CPU
		{FECA9DCA-3B0B-4C0E-B7B4-E826C1BFDDB2}.Ad-Hoc|iPhone.Build.0 = Release|Any CPU
		{FECA9DCA-3B0B-4C0E-B7B4-E826C1BFDDB2}.AdHoc|iPhoneSimulator.ActiveCfg = Debug|Any CPU
		{FECA9DCA-3B0B-4C0E-B7B4-E826C1BFDDB2}.Ad-Hoc|iPhoneSimulator.ActiveCfg = Release|Any CPU
		{FECA9DCA-3B0B-4C0E-B7B4-E826C1BFDDB2}.AdHoc|iPhoneSimulator.Build.0 = Debug|Any CPU
		{FECA9DCA-3B0B-4C0E-B7B4-E826C1BFDDB2}.Ad-Hoc|iPhoneSimulator.Build.0 = Release|Any CPU
		{FECA9DCA-3B0B-4C0E-B7B4-E826C1BFDDB2}.AdHoc|Mixed Platforms.ActiveCfg = Release|Any CPU
		{FECA9DCA-3B0B-4C0E-B7B4-E826C1BFDDB2}.Ad-Hoc|Mixed Platforms.ActiveCfg = Release|Any CPU
		{FECA9DCA-3B0B-4C0E-B7B4-E826C1BFDDB2}.AdHoc|Mixed Platforms.Build.0 = Release|Any CPU
		{FECA9DCA-3B0B-4C0E-B7B4-E826C1BFDDB2}.Ad-Hoc|Mixed Platforms.Build.0 = Release|Any CPU
		{FECA9DCA-3B0B-4C0E-B7B4-E826C1BFDDB2}.AppStore|Any CPU.ActiveCfg = Release|Any CPU
		{FECA9DCA-3B0B-4C0E-B7B4-E826C1BFDDB2}.AppStore|Any CPU.Build.0 = Release|Any CPU
		{FECA9DCA-3B0B-4C0E-B7B4-E826C1BFDDB2}.AppStore|iPhone.ActiveCfg = Release|Any CPU
		{FECA9DCA-3B0B-4C0E-B7B4-E826C1BFDDB2}.AppStore|iPhone.Build.0 = Release|Any CPU
		{FECA9DCA-3B0B-4C0E-B7B4-E826C1BFDDB2}.AppStore|iPhoneSimulator.ActiveCfg = Debug|Any CPU
		{FECA9DCA-3B0B-4C0E-B7B4-E826C1BFDDB2}.AppStore|iPhoneSimulator.Build.0 = Debug|Any CPU
		{FECA9DCA-3B0B-4C0E-B7B4-E826C1BFDDB2}.AppStore|Mixed Platforms.ActiveCfg = Release|Any CPU
		{FECA9DCA-3B0B-4C0E-B7B4-E826C1BFDDB2}.AppStore|Mixed Platforms.Build.0 = Release|Any CPU
		{FECA9DCA-3B0B-4C0E-B7B4-E826C1BFDDB2}.Debug|Any CPU.ActiveCfg = Debug|Any CPU
		{FECA9DCA-3B0B-4C0E-B7B4-E826C1BFDDB2}.Debug|Any CPU.Build.0 = Debug|Any CPU
		{FECA9DCA-3B0B-4C0E-B7B4-E826C1BFDDB2}.Debug|iPhone.ActiveCfg = Debug|Any CPU
		{FECA9DCA-3B0B-4C0E-B7B4-E826C1BFDDB2}.Debug|iPhone.Build.0 = Debug|Any CPU
		{FECA9DCA-3B0B-4C0E-B7B4-E826C1BFDDB2}.Debug|iPhoneSimulator.ActiveCfg = Debug|Any CPU
		{FECA9DCA-3B0B-4C0E-B7B4-E826C1BFDDB2}.Debug|iPhoneSimulator.Build.0 = Debug|Any CPU
		{FECA9DCA-3B0B-4C0E-B7B4-E826C1BFDDB2}.Debug|Mixed Platforms.ActiveCfg = Debug|Any CPU
		{FECA9DCA-3B0B-4C0E-B7B4-E826C1BFDDB2}.Debug|Mixed Platforms.Build.0 = Debug|Any CPU
		{FECA9DCA-3B0B-4C0E-B7B4-E826C1BFDDB2}.Release|Any CPU.ActiveCfg = Release|Any CPU
		{FECA9DCA-3B0B-4C0E-B7B4-E826C1BFDDB2}.Release|Any CPU.Build.0 = Release|Any CPU
		{FECA9DCA-3B0B-4C0E-B7B4-E826C1BFDDB2}.Release|iPhone.ActiveCfg = Release|Any CPU
		{FECA9DCA-3B0B-4C0E-B7B4-E826C1BFDDB2}.Release|iPhone.Build.0 = Release|Any CPU
		{FECA9DCA-3B0B-4C0E-B7B4-E826C1BFDDB2}.Release|iPhoneSimulator.ActiveCfg = Release|Any CPU
		{FECA9DCA-3B0B-4C0E-B7B4-E826C1BFDDB2}.Release|iPhoneSimulator.Build.0 = Release|Any CPU
		{FECA9DCA-3B0B-4C0E-B7B4-E826C1BFDDB2}.Release|Mixed Platforms.ActiveCfg = Release|Any CPU
		{FECA9DCA-3B0B-4C0E-B7B4-E826C1BFDDB2}.Release|Mixed Platforms.Build.0 = Release|Any CPU
	EndGlobalSection
	GlobalSection(NestedProjects) = preSolution
		{E0EC486D-3341-4B9C-BF4D-146A0BCB8A5A} = {354B15FE-757D-4C6C-B7AF-0BFECC12AEEF}
		{89E14828-85BB-4790-9B4E-E44DD4CE000E} = {354B15FE-757D-4C6C-B7AF-0BFECC12AEEF}
		{E9A9D1C5-4E06-4D31-9809-A97188C70B2C} = {5960BAF2-EDEC-4AEF-8532-8EC5F97C6179}
		{FECA9DCA-3B0B-4C0E-B7B4-E826C1BFDDB2} = {5960BAF2-EDEC-4AEF-8532-8EC5F97C6179}
		{3FFBFFF8-5560-4EDE-82E5-3FFDFBBA8A50} = {5960BAF2-EDEC-4AEF-8532-8EC5F97C6179}
		{6D7B9B53-CFEF-46BE-A608-14A4A1381CF6} = {5960BAF2-EDEC-4AEF-8532-8EC5F97C6179}
		{1FD1BA85-25F8-460D-B588-0E753CFF578D} = {5960BAF2-EDEC-4AEF-8532-8EC5F97C6179}
		{3A0C5D98-D568-43C1-A877-B1BA00BA4A87} = {5960BAF2-EDEC-4AEF-8532-8EC5F97C6179}
	EndGlobalSection
	GlobalSection(MonoDevelopProperties) = preSolution
		StartupItem = CodeBucket\CodeBucket.csproj
		Policies = $0
		$0.TextStylePolicy = $1
		$1.FileWidth = 180
		$1.EolMarker = Unix
		$1.inheritsSet = VisualStudio
		$1.inheritsScope = text/plain
		$1.scope = text/x-csharp
		$0.CSharpFormattingPolicy = $2
		$2.IndentSwitchBody = True
		$2.StatementBraceStyle = NextLine
		$2.ElseNewLinePlacement = NewLine
		$2.CatchNewLinePlacement = NewLine
		$2.FinallyNewLinePlacement = NewLine
		$2.ArrayInitializerWrapping = DoNotChange
		$2.BeforeMethodDeclarationParentheses = False
		$2.BeforeMethodCallParentheses = False
		$2.BeforeConstructorDeclarationParentheses = False
		$2.BeforeIndexerDeclarationBracket = False
		$2.BeforeDelegateDeclarationParentheses = False
		$2.NewParentheses = False
		$2.SpacesBeforeBrackets = False
		$2.inheritsSet = Mono
		$2.inheritsScope = text/x-csharp
		$2.scope = text/x-csharp
		$0.TextStylePolicy = $3
		$3.FileWidth = 180
		$3.inheritsSet = VisualStudio
		$3.inheritsScope = text/plain
		$3.scope = text/plain
		$0.TextStylePolicy = $4
		$4.inheritsSet = null
		$4.scope = application/xml
		$0.XmlFormattingPolicy = $5
		$5.inheritsSet = Mono
		$5.inheritsScope = application/xml
		$5.scope = application/xml
		$0.StandardHeader = $6
		$6.Text = @ \n ${FileName}\n \n Author:\n      ${AuthorName} <${AuthorEmail}>\n\n Copyright (c) ${Year} ${CopyrightHolder}\n\n This program is free software: you can redistribute it and/or modify\n it under the terms of the GNU General Public License as published by\n the Free Software Foundation, either version 3 of the License, or\n (at your option) any later version.\n\n This program is distributed in the hope that it will be useful,\n but WITHOUT ANY WARRANTY; without even the implied warranty of\n MERCHANTABILITY or FITNESS FOR A PARTICULAR PURPOSE.  See the\n GNU General Public License for more details.\n\n You should have received a copy of the GNU General Public License\n along with this program.  If not, see <http://www.gnu.org/licenses/>.
		$6.IncludeInNewFiles = False
		$0.NameConventionPolicy = $7
		$7.Rules = $8
		$8.NamingRule = $9
		$9.Name = Namespaces
		$9.AffectedEntity = Namespace
		$9.VisibilityMask = VisibilityMask
		$9.NamingStyle = PascalCase
		$9.IncludeInstanceMembers = True
		$9.IncludeStaticEntities = True
		$8.NamingRule = $10
		$10.Name = Types
		$10.AffectedEntity = Class, Struct, Enum, Delegate
		$10.VisibilityMask = VisibilityMask
		$10.NamingStyle = PascalCase
		$10.IncludeInstanceMembers = True
		$10.IncludeStaticEntities = True
		$8.NamingRule = $11
		$11.Name = Interfaces
		$11.RequiredPrefixes = $12
		$12.String = I
		$11.AffectedEntity = Interface
		$11.VisibilityMask = VisibilityMask
		$11.NamingStyle = PascalCase
		$11.IncludeInstanceMembers = True
		$11.IncludeStaticEntities = True
		$8.NamingRule = $13
		$13.Name = Attributes
		$13.RequiredSuffixes = $14
		$14.String = Attribute
		$13.AffectedEntity = CustomAttributes
		$13.VisibilityMask = VisibilityMask
		$13.NamingStyle = PascalCase
		$13.IncludeInstanceMembers = True
		$13.IncludeStaticEntities = True
		$8.NamingRule = $15
		$15.Name = Event Arguments
		$15.RequiredSuffixes = $16
		$16.String = EventArgs
		$15.AffectedEntity = CustomEventArgs
		$15.VisibilityMask = VisibilityMask
		$15.NamingStyle = PascalCase
		$15.IncludeInstanceMembers = True
		$15.IncludeStaticEntities = True
		$8.NamingRule = $17
		$17.Name = Exceptions
		$17.RequiredSuffixes = $18
		$18.String = Exception
		$17.AffectedEntity = CustomExceptions
		$17.VisibilityMask = VisibilityMask
		$17.NamingStyle = PascalCase
		$17.IncludeInstanceMembers = True
		$17.IncludeStaticEntities = True
		$8.NamingRule = $19
		$19.Name = Methods
		$19.AffectedEntity = Methods
		$19.VisibilityMask = VisibilityMask
		$19.NamingStyle = PascalCase
		$19.IncludeInstanceMembers = True
		$19.IncludeStaticEntities = True
		$8.NamingRule = $20
		$20.Name = Static Readonly Fields
		$20.AffectedEntity = ReadonlyField
		$20.VisibilityMask = Internal, Protected, Public
		$20.NamingStyle = PascalCase
		$20.IncludeInstanceMembers = False
		$20.IncludeStaticEntities = True
		$8.NamingRule = $21
		$21.Name = Fields (Non Private)
		$21.AffectedEntity = Field
		$21.VisibilityMask = Internal, Protected, Public
		$21.NamingStyle = PascalCase
		$21.IncludeInstanceMembers = True
		$21.IncludeStaticEntities = True
		$8.NamingRule = $22
		$22.Name = ReadOnly Fields (Non Private)
		$22.AffectedEntity = ReadonlyField
		$22.VisibilityMask = Internal, Protected, Public
		$22.NamingStyle = PascalCase
		$22.IncludeInstanceMembers = True
		$22.IncludeStaticEntities = False
		$8.NamingRule = $23
		$23.Name = Fields (Private)
		$23.AllowedPrefixes = $24
		$24.String = _
		$24.String = m_
		$23.AffectedEntity = Field, ReadonlyField
		$23.VisibilityMask = Private
		$23.NamingStyle = CamelCase
		$23.IncludeInstanceMembers = True
		$23.IncludeStaticEntities = False
		$8.NamingRule = $25
		$25.Name = Static Fields (Private)
		$25.AffectedEntity = Field
		$25.VisibilityMask = Private
		$25.NamingStyle = CamelCase
		$25.IncludeInstanceMembers = False
		$25.IncludeStaticEntities = True
		$8.NamingRule = $26
		$26.Name = ReadOnly Fields (Private)
		$26.AllowedPrefixes = $27
		$27.String = _
		$27.String = m_
		$26.AffectedEntity = ReadonlyField
		$26.VisibilityMask = Private
		$26.NamingStyle = CamelCase
		$26.IncludeInstanceMembers = True
		$26.IncludeStaticEntities = False
		$8.NamingRule = $28
		$28.Name = Constant Fields
		$28.AffectedEntity = ConstantField
		$28.VisibilityMask = VisibilityMask
		$28.NamingStyle = PascalCase
		$28.IncludeInstanceMembers = True
		$28.IncludeStaticEntities = True
		$8.NamingRule = $29
		$29.Name = Properties
		$29.AffectedEntity = Property
		$29.VisibilityMask = VisibilityMask
		$29.NamingStyle = PascalCase
		$29.IncludeInstanceMembers = True
		$29.IncludeStaticEntities = True
		$8.NamingRule = $30
		$30.Name = Events
		$30.AffectedEntity = Event
		$30.VisibilityMask = VisibilityMask
		$30.NamingStyle = PascalCase
		$30.IncludeInstanceMembers = True
		$30.IncludeStaticEntities = True
		$8.NamingRule = $31
		$31.Name = Enum Members
		$31.AffectedEntity = EnumMember
		$31.VisibilityMask = VisibilityMask
		$31.NamingStyle = PascalCase
		$31.IncludeInstanceMembers = True
		$31.IncludeStaticEntities = True
		$8.NamingRule = $32
		$32.Name = Parameters
		$32.AffectedEntity = Parameter
		$32.VisibilityMask = VisibilityMask
		$32.NamingStyle = CamelCase
		$32.IncludeInstanceMembers = True
		$32.IncludeStaticEntities = True
		$8.NamingRule = $33
		$33.Name = Type Parameters
		$33.RequiredPrefixes = $34
		$34.String = T
		$33.AffectedEntity = TypeParameter
		$33.VisibilityMask = VisibilityMask
		$33.NamingStyle = PascalCase
		$33.IncludeInstanceMembers = True
		$33.IncludeStaticEntities = True
	EndGlobalSection
	GlobalSection(SolutionProperties) = preSolution
		HideSolutionNode = FALSE
	EndGlobalSection
EndGlobal
