
Microsoft Visual Studio Solution File, Format Version 12.00
# Visual Studio 2012
Project("{FAE04EC0-301F-11D3-BF4B-00C04F79EFBC}") = "CodeBucket.iOS", "CodeBucket.iOS\CodeBucket.iOS.csproj", "{0CF7A46F-ABF5-4580-878A-98AE94A72B76}"
EndProject
Project("{FAE04EC0-301F-11D3-BF4B-00C04F79EFBC}") = "CodeBucket.Core", "CodeBucket.Core\CodeBucket.Core.csproj", "{F23D3AC1-1422-468B-AAE6-D74FB1DBAE74}"
EndProject
Project("{FAE04EC0-301F-11D3-BF4B-00C04F79EFBC}") = "BitbucketSharp.MonoTouch", "lib\BitbucketSharp\BitbucketSharp.MonoTouch\BitbucketSharp.MonoTouch.csproj", "{E0EC486D-3341-4B9C-BF4D-146A0BCB8A5A}"
EndProject
Project("{FAE04EC0-301F-11D3-BF4B-00C04F79EFBC}") = "CodeBucket", "CodeBucket\CodeBucket.csproj", "{A7FA501E-E9E1-477B-B8F7-E919F9AA1C20}"
EndProject
Global
	GlobalSection(SolutionConfigurationPlatforms) = preSolution
		Ad-Hoc|Any CPU = Ad-Hoc|Any CPU
		Ad-Hoc|iPhone = Ad-Hoc|iPhone
		Ad-Hoc|iPhoneSimulator = Ad-Hoc|iPhoneSimulator
		Ad-Hoc|Mixed Platforms = Ad-Hoc|Mixed Platforms
		AppStore|Any CPU = AppStore|Any CPU
		AppStore|iPhone = AppStore|iPhone
		AppStore|iPhoneSimulator = AppStore|iPhoneSimulator
		AppStore|Mixed Platforms = AppStore|Mixed Platforms
		Debug|Any CPU = Debug|Any CPU
		Debug|iPhone = Debug|iPhone
		Debug|iPhoneSimulator = Debug|iPhoneSimulator
		Debug|Mixed Platforms = Debug|Mixed Platforms
		Release|Any CPU = Release|Any CPU
		Release|iPhone = Release|iPhone
		Release|iPhoneSimulator = Release|iPhoneSimulator
		Release|Mixed Platforms = Release|Mixed Platforms
	EndGlobalSection
	GlobalSection(ProjectConfigurationPlatforms) = postSolution
		{0CF7A46F-ABF5-4580-878A-98AE94A72B76}.Ad-Hoc|Any CPU.ActiveCfg = Ad-Hoc|iPhone
		{0CF7A46F-ABF5-4580-878A-98AE94A72B76}.Ad-Hoc|Any CPU.Build.0 = Ad-Hoc|iPhone
		{0CF7A46F-ABF5-4580-878A-98AE94A72B76}.Ad-Hoc|iPhone.ActiveCfg = Ad-Hoc|iPhone
		{0CF7A46F-ABF5-4580-878A-98AE94A72B76}.Ad-Hoc|iPhone.Build.0 = Ad-Hoc|iPhone
		{0CF7A46F-ABF5-4580-878A-98AE94A72B76}.Ad-Hoc|iPhoneSimulator.ActiveCfg = Debug|iPhoneSimulator
		{0CF7A46F-ABF5-4580-878A-98AE94A72B76}.Ad-Hoc|iPhoneSimulator.Build.0 = Debug|iPhoneSimulator
		{0CF7A46F-ABF5-4580-878A-98AE94A72B76}.Ad-Hoc|Mixed Platforms.ActiveCfg = Ad-Hoc|iPhone
		{0CF7A46F-ABF5-4580-878A-98AE94A72B76}.Ad-Hoc|Mixed Platforms.Build.0 = Ad-Hoc|iPhone
		{0CF7A46F-ABF5-4580-878A-98AE94A72B76}.AppStore|Any CPU.ActiveCfg = AppStore|iPhone
		{0CF7A46F-ABF5-4580-878A-98AE94A72B76}.AppStore|Any CPU.Build.0 = AppStore|iPhone
		{0CF7A46F-ABF5-4580-878A-98AE94A72B76}.AppStore|iPhone.ActiveCfg = AppStore|iPhone
		{0CF7A46F-ABF5-4580-878A-98AE94A72B76}.AppStore|iPhone.Build.0 = AppStore|iPhone
		{0CF7A46F-ABF5-4580-878A-98AE94A72B76}.AppStore|iPhoneSimulator.ActiveCfg = Debug|iPhoneSimulator
		{0CF7A46F-ABF5-4580-878A-98AE94A72B76}.AppStore|iPhoneSimulator.Build.0 = Debug|iPhoneSimulator
		{0CF7A46F-ABF5-4580-878A-98AE94A72B76}.AppStore|Mixed Platforms.ActiveCfg = AppStore|iPhone
		{0CF7A46F-ABF5-4580-878A-98AE94A72B76}.AppStore|Mixed Platforms.Build.0 = AppStore|iPhone
		{0CF7A46F-ABF5-4580-878A-98AE94A72B76}.Debug|Any CPU.ActiveCfg = Debug|iPhoneSimulator
		{0CF7A46F-ABF5-4580-878A-98AE94A72B76}.Debug|Any CPU.Build.0 = Debug|iPhoneSimulator
		{0CF7A46F-ABF5-4580-878A-98AE94A72B76}.Debug|iPhone.ActiveCfg = Debug|iPhone
		{0CF7A46F-ABF5-4580-878A-98AE94A72B76}.Debug|iPhone.Build.0 = Debug|iPhone
		{0CF7A46F-ABF5-4580-878A-98AE94A72B76}.Debug|iPhoneSimulator.ActiveCfg = Debug|iPhoneSimulator
		{0CF7A46F-ABF5-4580-878A-98AE94A72B76}.Debug|iPhoneSimulator.Build.0 = Debug|iPhoneSimulator
		{0CF7A46F-ABF5-4580-878A-98AE94A72B76}.Debug|Mixed Platforms.ActiveCfg = Debug|iPhoneSimulator
		{0CF7A46F-ABF5-4580-878A-98AE94A72B76}.Debug|Mixed Platforms.Build.0 = Debug|iPhoneSimulator
		{0CF7A46F-ABF5-4580-878A-98AE94A72B76}.Release|Any CPU.ActiveCfg = Release|iPhoneSimulator
		{0CF7A46F-ABF5-4580-878A-98AE94A72B76}.Release|Any CPU.Build.0 = Release|iPhoneSimulator
		{0CF7A46F-ABF5-4580-878A-98AE94A72B76}.Release|iPhone.ActiveCfg = Release|iPhone
		{0CF7A46F-ABF5-4580-878A-98AE94A72B76}.Release|iPhone.Build.0 = Release|iPhone
		{0CF7A46F-ABF5-4580-878A-98AE94A72B76}.Release|iPhoneSimulator.ActiveCfg = Release|iPhoneSimulator
		{0CF7A46F-ABF5-4580-878A-98AE94A72B76}.Release|iPhoneSimulator.Build.0 = Release|iPhoneSimulator
		{0CF7A46F-ABF5-4580-878A-98AE94A72B76}.Release|Mixed Platforms.ActiveCfg = Release|iPhoneSimulator
		{0CF7A46F-ABF5-4580-878A-98AE94A72B76}.Release|Mixed Platforms.Build.0 = Release|iPhoneSimulator
		{A7FA501E-E9E1-477B-B8F7-E919F9AA1C20}.Ad-Hoc|Any CPU.ActiveCfg = Release|Any CPU
		{A7FA501E-E9E1-477B-B8F7-E919F9AA1C20}.Ad-Hoc|Any CPU.Build.0 = Release|Any CPU
		{A7FA501E-E9E1-477B-B8F7-E919F9AA1C20}.Ad-Hoc|iPhone.ActiveCfg = Release|Any CPU
		{A7FA501E-E9E1-477B-B8F7-E919F9AA1C20}.Ad-Hoc|iPhone.Build.0 = Release|Any CPU
		{A7FA501E-E9E1-477B-B8F7-E919F9AA1C20}.Ad-Hoc|iPhoneSimulator.ActiveCfg = Debug|Any CPU
		{A7FA501E-E9E1-477B-B8F7-E919F9AA1C20}.Ad-Hoc|iPhoneSimulator.Build.0 = Debug|Any CPU
		{A7FA501E-E9E1-477B-B8F7-E919F9AA1C20}.Ad-Hoc|Mixed Platforms.ActiveCfg = Release|Any CPU
		{A7FA501E-E9E1-477B-B8F7-E919F9AA1C20}.Ad-Hoc|Mixed Platforms.Build.0 = Release|Any CPU
		{A7FA501E-E9E1-477B-B8F7-E919F9AA1C20}.AppStore|Any CPU.ActiveCfg = Release|Any CPU
		{A7FA501E-E9E1-477B-B8F7-E919F9AA1C20}.AppStore|Any CPU.Build.0 = Release|Any CPU
		{A7FA501E-E9E1-477B-B8F7-E919F9AA1C20}.AppStore|iPhone.ActiveCfg = Release|Any CPU
		{A7FA501E-E9E1-477B-B8F7-E919F9AA1C20}.AppStore|iPhone.Build.0 = Release|Any CPU
		{A7FA501E-E9E1-477B-B8F7-E919F9AA1C20}.AppStore|iPhoneSimulator.ActiveCfg = Debug|Any CPU
		{A7FA501E-E9E1-477B-B8F7-E919F9AA1C20}.AppStore|iPhoneSimulator.Build.0 = Debug|Any CPU
		{A7FA501E-E9E1-477B-B8F7-E919F9AA1C20}.AppStore|Mixed Platforms.ActiveCfg = Release|Any CPU
		{A7FA501E-E9E1-477B-B8F7-E919F9AA1C20}.AppStore|Mixed Platforms.Build.0 = Release|Any CPU
		{A7FA501E-E9E1-477B-B8F7-E919F9AA1C20}.Debug|Any CPU.ActiveCfg = Debug|Any CPU
		{A7FA501E-E9E1-477B-B8F7-E919F9AA1C20}.Debug|Any CPU.Build.0 = Debug|Any CPU
		{A7FA501E-E9E1-477B-B8F7-E919F9AA1C20}.Debug|iPhone.ActiveCfg = Debug|Any CPU
		{A7FA501E-E9E1-477B-B8F7-E919F9AA1C20}.Debug|iPhone.Build.0 = Debug|Any CPU
		{A7FA501E-E9E1-477B-B8F7-E919F9AA1C20}.Debug|iPhoneSimulator.ActiveCfg = Debug|Any CPU
		{A7FA501E-E9E1-477B-B8F7-E919F9AA1C20}.Debug|iPhoneSimulator.Build.0 = Debug|Any CPU
		{A7FA501E-E9E1-477B-B8F7-E919F9AA1C20}.Debug|Mixed Platforms.ActiveCfg = Debug|Any CPU
		{A7FA501E-E9E1-477B-B8F7-E919F9AA1C20}.Debug|Mixed Platforms.Build.0 = Debug|Any CPU
		{A7FA501E-E9E1-477B-B8F7-E919F9AA1C20}.Release|Any CPU.ActiveCfg = Release|Any CPU
		{A7FA501E-E9E1-477B-B8F7-E919F9AA1C20}.Release|Any CPU.Build.0 = Release|Any CPU
		{A7FA501E-E9E1-477B-B8F7-E919F9AA1C20}.Release|iPhone.ActiveCfg = Release|Any CPU
		{A7FA501E-E9E1-477B-B8F7-E919F9AA1C20}.Release|iPhone.Build.0 = Release|Any CPU
		{A7FA501E-E9E1-477B-B8F7-E919F9AA1C20}.Release|iPhoneSimulator.ActiveCfg = Release|Any CPU
		{A7FA501E-E9E1-477B-B8F7-E919F9AA1C20}.Release|iPhoneSimulator.Build.0 = Release|Any CPU
		{A7FA501E-E9E1-477B-B8F7-E919F9AA1C20}.Release|Mixed Platforms.ActiveCfg = Release|Any CPU
		{A7FA501E-E9E1-477B-B8F7-E919F9AA1C20}.Release|Mixed Platforms.Build.0 = Release|Any CPU
		{E0EC486D-3341-4B9C-BF4D-146A0BCB8A5A}.Ad-Hoc|Any CPU.ActiveCfg = Release|Any CPU
		{E0EC486D-3341-4B9C-BF4D-146A0BCB8A5A}.Ad-Hoc|Any CPU.Build.0 = Release|Any CPU
		{E0EC486D-3341-4B9C-BF4D-146A0BCB8A5A}.Ad-Hoc|iPhone.ActiveCfg = Release|Any CPU
		{E0EC486D-3341-4B9C-BF4D-146A0BCB8A5A}.Ad-Hoc|iPhone.Build.0 = Release|Any CPU
		{E0EC486D-3341-4B9C-BF4D-146A0BCB8A5A}.Ad-Hoc|iPhoneSimulator.ActiveCfg = Debug|Any CPU
		{E0EC486D-3341-4B9C-BF4D-146A0BCB8A5A}.Ad-Hoc|iPhoneSimulator.Build.0 = Debug|Any CPU
		{E0EC486D-3341-4B9C-BF4D-146A0BCB8A5A}.Ad-Hoc|Mixed Platforms.ActiveCfg = Release|Any CPU
		{E0EC486D-3341-4B9C-BF4D-146A0BCB8A5A}.Ad-Hoc|Mixed Platforms.Build.0 = Release|Any CPU
		{E0EC486D-3341-4B9C-BF4D-146A0BCB8A5A}.AppStore|Any CPU.ActiveCfg = Release|Any CPU
		{E0EC486D-3341-4B9C-BF4D-146A0BCB8A5A}.AppStore|Any CPU.Build.0 = Release|Any CPU
		{E0EC486D-3341-4B9C-BF4D-146A0BCB8A5A}.AppStore|iPhone.ActiveCfg = Release|Any CPU
		{E0EC486D-3341-4B9C-BF4D-146A0BCB8A5A}.AppStore|iPhone.Build.0 = Release|Any CPU
		{E0EC486D-3341-4B9C-BF4D-146A0BCB8A5A}.AppStore|iPhoneSimulator.ActiveCfg = Debug|Any CPU
		{E0EC486D-3341-4B9C-BF4D-146A0BCB8A5A}.AppStore|iPhoneSimulator.Build.0 = Debug|Any CPU
		{E0EC486D-3341-4B9C-BF4D-146A0BCB8A5A}.AppStore|Mixed Platforms.ActiveCfg = Release|Any CPU
		{E0EC486D-3341-4B9C-BF4D-146A0BCB8A5A}.AppStore|Mixed Platforms.Build.0 = Release|Any CPU
		{E0EC486D-3341-4B9C-BF4D-146A0BCB8A5A}.Debug|Any CPU.ActiveCfg = Debug|Any CPU
		{E0EC486D-3341-4B9C-BF4D-146A0BCB8A5A}.Debug|Any CPU.Build.0 = Debug|Any CPU
		{E0EC486D-3341-4B9C-BF4D-146A0BCB8A5A}.Debug|iPhone.ActiveCfg = Debug|Any CPU
		{E0EC486D-3341-4B9C-BF4D-146A0BCB8A5A}.Debug|iPhone.Build.0 = Debug|Any CPU
		{E0EC486D-3341-4B9C-BF4D-146A0BCB8A5A}.Debug|iPhoneSimulator.ActiveCfg = Debug|Any CPU
		{E0EC486D-3341-4B9C-BF4D-146A0BCB8A5A}.Debug|iPhoneSimulator.Build.0 = Debug|Any CPU
		{E0EC486D-3341-4B9C-BF4D-146A0BCB8A5A}.Debug|Mixed Platforms.ActiveCfg = Debug|Any CPU
		{E0EC486D-3341-4B9C-BF4D-146A0BCB8A5A}.Debug|Mixed Platforms.Build.0 = Debug|Any CPU
		{E0EC486D-3341-4B9C-BF4D-146A0BCB8A5A}.Release|Any CPU.ActiveCfg = Release|Any CPU
		{E0EC486D-3341-4B9C-BF4D-146A0BCB8A5A}.Release|Any CPU.Build.0 = Release|Any CPU
		{E0EC486D-3341-4B9C-BF4D-146A0BCB8A5A}.Release|iPhone.ActiveCfg = Release|Any CPU
		{E0EC486D-3341-4B9C-BF4D-146A0BCB8A5A}.Release|iPhone.Build.0 = Release|Any CPU
		{E0EC486D-3341-4B9C-BF4D-146A0BCB8A5A}.Release|iPhoneSimulator.ActiveCfg = Release|Any CPU
		{E0EC486D-3341-4B9C-BF4D-146A0BCB8A5A}.Release|iPhoneSimulator.Build.0 = Release|Any CPU
		{E0EC486D-3341-4B9C-BF4D-146A0BCB8A5A}.Release|Mixed Platforms.ActiveCfg = Release|Any CPU
		{E0EC486D-3341-4B9C-BF4D-146A0BCB8A5A}.Release|Mixed Platforms.Build.0 = Release|Any CPU
		{F23D3AC1-1422-468B-AAE6-D74FB1DBAE74}.Ad-Hoc|Any CPU.ActiveCfg = Release|Any CPU
		{F23D3AC1-1422-468B-AAE6-D74FB1DBAE74}.Ad-Hoc|Any CPU.Build.0 = Release|Any CPU
		{F23D3AC1-1422-468B-AAE6-D74FB1DBAE74}.Ad-Hoc|iPhone.ActiveCfg = Release|Any CPU
		{F23D3AC1-1422-468B-AAE6-D74FB1DBAE74}.Ad-Hoc|iPhone.Build.0 = Release|Any CPU
		{F23D3AC1-1422-468B-AAE6-D74FB1DBAE74}.Ad-Hoc|iPhoneSimulator.ActiveCfg = Debug|Any CPU
		{F23D3AC1-1422-468B-AAE6-D74FB1DBAE74}.Ad-Hoc|iPhoneSimulator.Build.0 = Debug|Any CPU
		{F23D3AC1-1422-468B-AAE6-D74FB1DBAE74}.Ad-Hoc|Mixed Platforms.ActiveCfg = Release|Any CPU
		{F23D3AC1-1422-468B-AAE6-D74FB1DBAE74}.Ad-Hoc|Mixed Platforms.Build.0 = Release|Any CPU
		{F23D3AC1-1422-468B-AAE6-D74FB1DBAE74}.AppStore|Any CPU.ActiveCfg = Release|Any CPU
		{F23D3AC1-1422-468B-AAE6-D74FB1DBAE74}.AppStore|Any CPU.Build.0 = Release|Any CPU
		{F23D3AC1-1422-468B-AAE6-D74FB1DBAE74}.AppStore|iPhone.ActiveCfg = Release|Any CPU
		{F23D3AC1-1422-468B-AAE6-D74FB1DBAE74}.AppStore|iPhone.Build.0 = Release|Any CPU
		{F23D3AC1-1422-468B-AAE6-D74FB1DBAE74}.AppStore|iPhoneSimulator.ActiveCfg = Debug|Any CPU
		{F23D3AC1-1422-468B-AAE6-D74FB1DBAE74}.AppStore|iPhoneSimulator.Build.0 = Debug|Any CPU
		{F23D3AC1-1422-468B-AAE6-D74FB1DBAE74}.AppStore|Mixed Platforms.ActiveCfg = Release|Any CPU
		{F23D3AC1-1422-468B-AAE6-D74FB1DBAE74}.AppStore|Mixed Platforms.Build.0 = Release|Any CPU
		{F23D3AC1-1422-468B-AAE6-D74FB1DBAE74}.Debug|Any CPU.ActiveCfg = Debug|Any CPU
		{F23D3AC1-1422-468B-AAE6-D74FB1DBAE74}.Debug|Any CPU.Build.0 = Debug|Any CPU
		{F23D3AC1-1422-468B-AAE6-D74FB1DBAE74}.Debug|iPhone.ActiveCfg = Debug|Any CPU
		{F23D3AC1-1422-468B-AAE6-D74FB1DBAE74}.Debug|iPhone.Build.0 = Debug|Any CPU
		{F23D3AC1-1422-468B-AAE6-D74FB1DBAE74}.Debug|iPhoneSimulator.ActiveCfg = Debug|Any CPU
		{F23D3AC1-1422-468B-AAE6-D74FB1DBAE74}.Debug|iPhoneSimulator.Build.0 = Debug|Any CPU
		{F23D3AC1-1422-468B-AAE6-D74FB1DBAE74}.Debug|Mixed Platforms.ActiveCfg = Debug|Any CPU
		{F23D3AC1-1422-468B-AAE6-D74FB1DBAE74}.Debug|Mixed Platforms.Build.0 = Debug|Any CPU
		{F23D3AC1-1422-468B-AAE6-D74FB1DBAE74}.Release|Any CPU.ActiveCfg = Release|Any CPU
		{F23D3AC1-1422-468B-AAE6-D74FB1DBAE74}.Release|Any CPU.Build.0 = Release|Any CPU
		{F23D3AC1-1422-468B-AAE6-D74FB1DBAE74}.Release|iPhone.ActiveCfg = Release|Any CPU
		{F23D3AC1-1422-468B-AAE6-D74FB1DBAE74}.Release|iPhone.Build.0 = Release|Any CPU
		{F23D3AC1-1422-468B-AAE6-D74FB1DBAE74}.Release|iPhoneSimulator.ActiveCfg = Release|Any CPU
		{F23D3AC1-1422-468B-AAE6-D74FB1DBAE74}.Release|iPhoneSimulator.Build.0 = Release|Any CPU
		{F23D3AC1-1422-468B-AAE6-D74FB1DBAE74}.Release|Mixed Platforms.ActiveCfg = Release|Any CPU
		{F23D3AC1-1422-468B-AAE6-D74FB1DBAE74}.Release|Mixed Platforms.Build.0 = Release|Any CPU
	EndGlobalSection
	GlobalSection(MonoDevelopProperties) = preSolution
		Policies = $0
		$0.TextStylePolicy = $1
		$1.FileWidth = 120
		$1.TabsToSpaces = False
		$1.inheritsSet = VisualStudio
		$1.inheritsScope = text/plain
		$0.DotNetNamingPolicy = $2
		$2.DirectoryNamespaceAssociation = PrefixedHierarchical
		$2.ResourceNamePolicy = FileFormatDefault
		$0.TextStylePolicy = $3
		$3.EolMarker = Windows
		$3.inheritsSet = VisualStudio
		$3.inheritsScope = text/plain
		$3.scope = text/x-csharp
		$0.CSharpFormattingPolicy = $4
		$4.IndentSwitchBody = True
		$4.AnonymousMethodBraceStyle = NextLine
		$4.PropertyBraceStyle = NextLine
		$4.PropertyGetBraceStyle = NextLine
		$4.PropertySetBraceStyle = NextLine
		$4.EventBraceStyle = NextLine
		$4.EventAddBraceStyle = NextLine
		$4.EventRemoveBraceStyle = NextLine
		$4.StatementBraceStyle = NextLine
		$4.ElseNewLinePlacement = NewLine
		$4.CatchNewLinePlacement = NewLine
		$4.FinallyNewLinePlacement = NewLine
		$4.WhileNewLinePlacement = DoNotCare
		$4.ArrayInitializerWrapping = DoNotChange
		$4.ArrayInitializerBraceStyle = NextLine
		$4.BeforeMethodDeclarationParentheses = False
		$4.BeforeMethodCallParentheses = False
		$4.BeforeConstructorDeclarationParentheses = False
		$4.BeforeDelegateDeclarationParentheses = False
		$4.NewParentheses = False
		$4.SpacesBeforeBrackets = False
		$4.inheritsSet = Mono
		$4.inheritsScope = text/x-csharp
		$4.scope = text/x-csharp
		$0.TextStylePolicy = $5
		$5.FileWidth = 120
		$5.inheritsSet = VisualStudio
		$5.inheritsScope = text/plain
		$5.scope = text/plain
	EndGlobalSection
	GlobalSection(SolutionProperties) = preSolution
		HideSolutionNode = FALSE
	EndGlobalSection
EndGlobal
